
Microsoft Visual Studio Solution File, Format Version 12.00
# Visual Studio Version 17
VisualStudioVersion = 17.12.35527.113
MinimumVisualStudioVersion = 10.0.40219.1
Project("{2150E333-8FDC-42A3-9474-1A3956D46DE8}") = "Controllers", "Controllers", "{1A31B4BE-BD41-4517-A368-EA3831A334BA}"
EndProject
Project("{2150E333-8FDC-42A3-9474-1A3956D46DE8}") = "Services", "Services", "{1AE06475-A2C9-4DB4-A431-E498AB1DF5CD}"
EndProject
Project("{2150E333-8FDC-42A3-9474-1A3956D46DE8}") = "Contracts", "Contracts", "{2FAABFD7-21D3-493F-8841-963DD3874A84}"
EndProject
Project("{2150E333-8FDC-42A3-9474-1A3956D46DE8}") = "Libraries", "Libraries", "{CD3BA6F5-9B52-42E5-87CC-02D7BD6B7343}"
EndProject
Project("{FAE04EC0-301F-11D3-BF4B-00C04F79EFBC}") = "Library.Core.CoffeeHouse", "Library.Core.CoffeeHouse\Library.Core.CoffeeHouse.csproj", "{0F16238D-D7CC-4581-991A-68F2344AAB3C}"
EndProject
Project("{FAE04EC0-301F-11D3-BF4B-00C04F79EFBC}") = "Contracts.CoffeeHouse", "Contracts.CoffeeHouse\Contracts.CoffeeHouse.csproj", "{3C27264B-444E-445B-8EE3-4626041DE16D}"
EndProject
Project("{FAE04EC0-301F-11D3-BF4B-00C04F79EFBC}") = "Service.CoffeHouse", "Service.CoffeHouse\Service.CoffeHouse.csproj", "{C547F94E-B384-41A5-B4A6-FD342951DDFE}"
EndProject
Project("{FAE04EC0-301F-11D3-BF4B-00C04F79EFBC}") = "Orchestrator", "Orchestrator\Orchestrator.csproj", "{D7A2EEEF-04F9-4688-A306-4004C870BDA1}"
EndProject
Global
	GlobalSection(SolutionConfigurationPlatforms) = preSolution
		Debug|Any CPU = Debug|Any CPU
		Release|Any CPU = Release|Any CPU
	EndGlobalSection
	GlobalSection(ProjectConfigurationPlatforms) = postSolution
		{0F16238D-D7CC-4581-991A-68F2344AAB3C}.Debug|Any CPU.ActiveCfg = Debug|Any CPU
		{0F16238D-D7CC-4581-991A-68F2344AAB3C}.Debug|Any CPU.Build.0 = Debug|Any CPU
		{0F16238D-D7CC-4581-991A-68F2344AAB3C}.Release|Any CPU.ActiveCfg = Release|Any CPU
		{0F16238D-D7CC-4581-991A-68F2344AAB3C}.Release|Any CPU.Build.0 = Release|Any CPU
		{3C27264B-444E-445B-8EE3-4626041DE16D}.Debug|Any CPU.ActiveCfg = Debug|Any CPU
		{3C27264B-444E-445B-8EE3-4626041DE16D}.Debug|Any CPU.Build.0 = Debug|Any CPU
		{3C27264B-444E-445B-8EE3-4626041DE16D}.Release|Any CPU.ActiveCfg = Release|Any CPU
		{3C27264B-444E-445B-8EE3-4626041DE16D}.Release|Any CPU.Build.0 = Release|Any CPU
		{C547F94E-B384-41A5-B4A6-FD342951DDFE}.Debug|Any CPU.ActiveCfg = Debug|Any CPU
		{C547F94E-B384-41A5-B4A6-FD342951DDFE}.Debug|Any CPU.Build.0 = Debug|Any CPU
		{C547F94E-B384-41A5-B4A6-FD342951DDFE}.Release|Any CPU.ActiveCfg = Release|Any CPU
		{C547F94E-B384-41A5-B4A6-FD342951DDFE}.Release|Any CPU.Build.0 = Release|Any CPU
		{D7A2EEEF-04F9-4688-A306-4004C870BDA1}.Debug|Any CPU.ActiveCfg = Debug|Any CPU
		{D7A2EEEF-04F9-4688-A306-4004C870BDA1}.Debug|Any CPU.Build.0 = Debug|Any CPU
		{D7A2EEEF-04F9-4688-A306-4004C870BDA1}.Release|Any CPU.ActiveCfg = Release|Any CPU
		{D7A2EEEF-04F9-4688-A306-4004C870BDA1}.Release|Any CPU.Build.0 = Release|Any CPU
	EndGlobalSection
	GlobalSection(SolutionProperties) = preSolution
		HideSolutionNode = FALSE
	EndGlobalSection
	GlobalSection(NestedProjects) = preSolution
		{0F16238D-D7CC-4581-991A-68F2344AAB3C} = {CD3BA6F5-9B52-42E5-87CC-02D7BD6B7343}
		{3C27264B-444E-445B-8EE3-4626041DE16D} = {2FAABFD7-21D3-493F-8841-963DD3874A84}
		{C547F94E-B384-41A5-B4A6-FD342951DDFE} = {1AE06475-A2C9-4DB4-A431-E498AB1DF5CD}
	EndGlobalSection
EndGlobal
