
Microsoft Visual Studio Solution File, Format Version 12.00
# Visual Studio Version 17
VisualStudioVersion = 17.12.35527.113
MinimumVisualStudioVersion = 10.0.40219.1
Project("{2150E333-8FDC-42A3-9474-1A3956D46DE8}") = "Controllers", "Controllers", "{1A31B4BE-BD41-4517-A368-EA3831A334BA}"
EndProject
Project("{2150E333-8FDC-42A3-9474-1A3956D46DE8}") = "Contracts", "Contracts", "{2FAABFD7-21D3-493F-8841-963DD3874A84}"
EndProject
Project("{2150E333-8FDC-42A3-9474-1A3956D46DE8}") = "Libraries", "Libraries", "{CD3BA6F5-9B52-42E5-87CC-02D7BD6B7343}"
EndProject
Project("{9A19103F-16F7-4668-BE54-9A1E7A4F7556}") = "Contracts.CoffeeHouse", "Contracts.CoffeeHouse\Contracts.CoffeeHouse.csproj", "{3C27264B-444E-445B-8EE3-4626041DE16D}"
EndProject
Project("{9A19103F-16F7-4668-BE54-9A1E7A4F7556}") = "Orchestrator", "Orchestrator\Orchestrator.csproj", "{D7A2EEEF-04F9-4688-A306-4004C870BDA1}"
EndProject
Project("{2150E333-8FDC-42A3-9474-1A3956D46DE8}") = "Models", "Models", "{9D0150C1-49E2-411C-967D-18E3006CACAC}"
EndProject
Project("{2150E333-8FDC-42A3-9474-1A3956D46DE8}") = "Data", "Data", "{3067E098-BE4D-44F7-896B-C7530CD35090}"
EndProject
Project("{9A19103F-16F7-4668-BE54-9A1E7A4F7556}") = "Models.Core.CoffeeHouse", "Models.Core.CoffeeHouse\Models.Core.CoffeeHouse.csproj", "{DFFCA829-DA2C-4EC2-B34A-BE3E0DF33A6D}"
EndProject
Project("{9A19103F-16F7-4668-BE54-9A1E7A4F7556}") = "DbContext", "DbContext\DbContext.csproj", "{4432EDCD-67BF-4202-BA30-DA4E777F6033}"
EndProject
Project("{2150E333-8FDC-42A3-9474-1A3956D46DE8}") = "Infrastructure", "Infrastructure", "{3E9E5C6A-9F70-4BBC-B18E-D7CF6FDB54CA}"
EndProject
Project("{2150E333-8FDC-42A3-9474-1A3956D46DE8}") = "Consumers", "Consumers", "{CADBBFCB-C013-442D-8CDB-F649EEC3B6D3}"
EndProject
Project("{2150E333-8FDC-42A3-9474-1A3956D46DE8}") = "Profiles", "Profiles", "{9FD1455D-728F-49DE-A9E8-0B5B7A4F6B3D}"
EndProject
Project("{2150E333-8FDC-42A3-9474-1A3956D46DE8}") = "DTOs", "DTOs", "{3CC374CF-6557-4167-8928-F531A9672EBE}"
EndProject
Project("{2150E333-8FDC-42A3-9474-1A3956D46DE8}") = "CoffeeChains", "CoffeeChains", "{1D29284E-72C4-404E-92B1-54A23967E93C}"
EndProject
Project("{2150E333-8FDC-42A3-9474-1A3956D46DE8}") = "Branches", "Branches", "{EBEC4842-2932-43B9-851B-94CBA77D59D0}"
EndProject
Project("{2150E333-8FDC-42A3-9474-1A3956D46DE8}") = "Products", "Products", "{E8F396B4-8D03-4942-9DDE-DB64D00515B4}"
EndProject
Project("{2150E333-8FDC-42A3-9474-1A3956D46DE8}") = "Employees", "Employees", "{1CB7B7CE-45DB-4A2E-9ECD-4141DD8AEFA6}"
EndProject
Project("{2150E333-8FDC-42A3-9474-1A3956D46DE8}") = "Orders", "Orders", "{19FE0F1D-0531-49E0-8002-AE7E40A4CFFC}"
EndProject
Project("{2150E333-8FDC-42A3-9474-1A3956D46DE8}") = "Promotions", "Promotions", "{8650C331-8E79-4811-A6CE-3978E0C69515}"
EndProject
Project("{2150E333-8FDC-42A3-9474-1A3956D46DE8}") = "Positions", "Positions", "{C16D9993-CC19-4236-8672-B71E8C790A0F}"
EndProject
Project("{2150E333-8FDC-42A3-9474-1A3956D46DE8}") = "BranchProducts", "BranchProducts", "{17A9C72B-0091-4DC4-AB0F-C7F2078A0433}"
EndProject
Project("{FAE04EC0-301F-11D3-BF4B-00C04F79EFBC}") = "Services", "Services\Services.csproj", "{438FDBFE-8430-4CE7-AF0D-19F75C671B3D}"
EndProject
Global
	GlobalSection(SolutionConfigurationPlatforms) = preSolution
		Debug|Any CPU = Debug|Any CPU
		Release|Any CPU = Release|Any CPU
	EndGlobalSection
	GlobalSection(ProjectConfigurationPlatforms) = postSolution
		{3C27264B-444E-445B-8EE3-4626041DE16D}.Debug|Any CPU.ActiveCfg = Debug|Any CPU
		{3C27264B-444E-445B-8EE3-4626041DE16D}.Debug|Any CPU.Build.0 = Debug|Any CPU
		{3C27264B-444E-445B-8EE3-4626041DE16D}.Release|Any CPU.ActiveCfg = Release|Any CPU
		{3C27264B-444E-445B-8EE3-4626041DE16D}.Release|Any CPU.Build.0 = Release|Any CPU
		{D7A2EEEF-04F9-4688-A306-4004C870BDA1}.Debug|Any CPU.ActiveCfg = Debug|Any CPU
		{D7A2EEEF-04F9-4688-A306-4004C870BDA1}.Debug|Any CPU.Build.0 = Debug|Any CPU
		{D7A2EEEF-04F9-4688-A306-4004C870BDA1}.Release|Any CPU.ActiveCfg = Release|Any CPU
		{D7A2EEEF-04F9-4688-A306-4004C870BDA1}.Release|Any CPU.Build.0 = Release|Any CPU
		{DFFCA829-DA2C-4EC2-B34A-BE3E0DF33A6D}.Debug|Any CPU.ActiveCfg = Debug|Any CPU
		{DFFCA829-DA2C-4EC2-B34A-BE3E0DF33A6D}.Debug|Any CPU.Build.0 = Debug|Any CPU
		{DFFCA829-DA2C-4EC2-B34A-BE3E0DF33A6D}.Release|Any CPU.ActiveCfg = Release|Any CPU
		{DFFCA829-DA2C-4EC2-B34A-BE3E0DF33A6D}.Release|Any CPU.Build.0 = Release|Any CPU
		{4432EDCD-67BF-4202-BA30-DA4E777F6033}.Debug|Any CPU.ActiveCfg = Debug|Any CPU
		{4432EDCD-67BF-4202-BA30-DA4E777F6033}.Debug|Any CPU.Build.0 = Debug|Any CPU
		{4432EDCD-67BF-4202-BA30-DA4E777F6033}.Release|Any CPU.ActiveCfg = Release|Any CPU
		{4432EDCD-67BF-4202-BA30-DA4E777F6033}.Release|Any CPU.Build.0 = Release|Any CPU
		{438FDBFE-8430-4CE7-AF0D-19F75C671B3D}.Debug|Any CPU.ActiveCfg = Debug|Any CPU
		{438FDBFE-8430-4CE7-AF0D-19F75C671B3D}.Debug|Any CPU.Build.0 = Debug|Any CPU
		{438FDBFE-8430-4CE7-AF0D-19F75C671B3D}.Release|Any CPU.ActiveCfg = Release|Any CPU
		{438FDBFE-8430-4CE7-AF0D-19F75C671B3D}.Release|Any CPU.Build.0 = Release|Any CPU
	EndGlobalSection
	GlobalSection(SolutionProperties) = preSolution
		HideSolutionNode = FALSE
	EndGlobalSection
	GlobalSection(NestedProjects) = preSolution
		{3C27264B-444E-445B-8EE3-4626041DE16D} = {2FAABFD7-21D3-493F-8841-963DD3874A84}
		{9D0150C1-49E2-411C-967D-18E3006CACAC} = {CD3BA6F5-9B52-42E5-87CC-02D7BD6B7343}
		{DFFCA829-DA2C-4EC2-B34A-BE3E0DF33A6D} = {9D0150C1-49E2-411C-967D-18E3006CACAC}
		{4432EDCD-67BF-4202-BA30-DA4E777F6033} = {3067E098-BE4D-44F7-896B-C7530CD35090}
		{CADBBFCB-C013-442D-8CDB-F649EEC3B6D3} = {3E9E5C6A-9F70-4BBC-B18E-D7CF6FDB54CA}
		{9FD1455D-728F-49DE-A9E8-0B5B7A4F6B3D} = {3E9E5C6A-9F70-4BBC-B18E-D7CF6FDB54CA}
		{1D29284E-72C4-404E-92B1-54A23967E93C} = {3CC374CF-6557-4167-8928-F531A9672EBE}
		{EBEC4842-2932-43B9-851B-94CBA77D59D0} = {3CC374CF-6557-4167-8928-F531A9672EBE}
		{E8F396B4-8D03-4942-9DDE-DB64D00515B4} = {3CC374CF-6557-4167-8928-F531A9672EBE}
		{1CB7B7CE-45DB-4A2E-9ECD-4141DD8AEFA6} = {3CC374CF-6557-4167-8928-F531A9672EBE}
		{19FE0F1D-0531-49E0-8002-AE7E40A4CFFC} = {3CC374CF-6557-4167-8928-F531A9672EBE}
		{8650C331-8E79-4811-A6CE-3978E0C69515} = {3CC374CF-6557-4167-8928-F531A9672EBE}
		{C16D9993-CC19-4236-8672-B71E8C790A0F} = {3CC374CF-6557-4167-8928-F531A9672EBE}
		{17A9C72B-0091-4DC4-AB0F-C7F2078A0433} = {3CC374CF-6557-4167-8928-F531A9672EBE}
	EndGlobalSection
	GlobalSection(ExtensibilityGlobals) = postSolution
		SolutionGuid = {4521413A-5D98-4274-AC8E-82522615CDDE}
	EndGlobalSection
EndGlobal
