
Microsoft Visual Studio Solution File, Format Version 12.00
# Visual Studio Version 17
VisualStudioVersion = 17.12.35527.113
MinimumVisualStudioVersion = 10.0.40219.1
Project("{9A19103F-16F7-4668-BE54-9A1E7A4F7556}") = "Orchestrator", "Orchestrator\Orchestrator.csproj", "{D7A2EEEF-04F9-4688-A306-4004C870BDA1}"
EndProject
Project("{9A19103F-16F7-4668-BE54-9A1E7A4F7556}") = "DbContext", "DbContext\DbContext.csproj", "{4432EDCD-67BF-4202-BA30-DA4E777F6033}"
EndProject
Project("{2150E333-8FDC-42A3-9474-1A3956D46DE8}") = "API", "API", "{8DD4E169-278A-49E0-BFA9-7E4E4A4AD9F7}"
EndProject
Project("{2150E333-8FDC-42A3-9474-1A3956D46DE8}") = "Contracts", "Contracts", "{0EB30259-8B4B-4606-988C-9F2FFC0F29AF}"
EndProject
Project("{2150E333-8FDC-42A3-9474-1A3956D46DE8}") = "Core", "Core", "{A6DAC094-1446-4A32-BBD4-0BBCDDB7DCEB}"
EndProject
Project("{2150E333-8FDC-42A3-9474-1A3956D46DE8}") = "Services", "Services", "{B12246CF-2F6A-445B-A68A-CC0B70616A25}"
EndProject
Project("{2150E333-8FDC-42A3-9474-1A3956D46DE8}") = "Infrastructure", "Infrastructure", "{118735A8-9DD1-4B82-BE4F-6C7FDF5091A9}"
EndProject
Project("{9A19103F-16F7-4668-BE54-9A1E7A4F7556}") = "Core.DAL.Branches", "Core.DAl.Branches\Core.DAL.Branches.csproj", "{02CBAA39-CED1-4CA7-BCED-614DD9EB3FA3}"
EndProject
Project("{9A19103F-16F7-4668-BE54-9A1E7A4F7556}") = "Core.DAL.Staff", "Core.DAl.Staff\Core.DAL.Staff.csproj", "{E1C86A88-334F-48C0-B94A-0CF3EDAA7A34}"
EndProject
Project("{9A19103F-16F7-4668-BE54-9A1E7A4F7556}") = "Core.DAL.Orders", "Core.DAl.Orders\Core.DAL.Orders.csproj", "{F065E344-8CCE-44F0-A546-F0E8A3E9997D}"
EndProject
Project("{9A19103F-16F7-4668-BE54-9A1E7A4F7556}") = "Core.DAL.Stocks", "Core.DAl.Stocks\Core.DAL.Stocks.csproj", "{6B39DE3B-2A6A-459F-9984-4CE1AB01F0D4}"
EndProject
Project("{9A19103F-16F7-4668-BE54-9A1E7A4F7556}") = "API.Gateway", "API.Gateway\API.Gateway.csproj", "{4D68D1B2-8A24-490D-BF5F-5A0D08AD3B8D}"
EndProject
Project("{9A19103F-16F7-4668-BE54-9A1E7A4F7556}") = "Service.Branches", "Services.DAL.Branches\Service.Branches.csproj", "{EA589C5F-8DF1-4E38-9773-48E524768729}"
EndProject
Project("{9A19103F-16F7-4668-BE54-9A1E7A4F7556}") = "Service.Orders", "Service.DAL.Orders\Service.Orders.csproj", "{93F67B7D-37BD-408D-B44B-2826418BF3FC}"
EndProject
Project("{9A19103F-16F7-4668-BE54-9A1E7A4F7556}") = "Service.Staff", "Service.DAL.Staff\Service.Staff.csproj", "{1B87142D-C597-4137-B7DF-20AC643F7418}"
EndProject
Project("{9A19103F-16F7-4668-BE54-9A1E7A4F7556}") = "Service.Stocks", "Service.DAL.Stocks\Service.Stocks.csproj", "{24FE4B9E-C212-4C63-B082-27E9A968EF90}"
EndProject
Project("{9A19103F-16F7-4668-BE54-9A1E7A4F7556}") = "Contract.Branches", "Contract.Branches\Contract.Branches.csproj", "{83CFE90E-6F82-4659-99E5-0646BBC78367}"
EndProject
Project("{9A19103F-16F7-4668-BE54-9A1E7A4F7556}") = "Contract.Orders", "Contract.Orders\Contract.Orders.csproj", "{D9F4D3D1-08A8-4499-900E-E5052073EC3A}"
EndProject
Project("{9A19103F-16F7-4668-BE54-9A1E7A4F7556}") = "Contract.Staff", "Contract.Staff\Contract.Staff.csproj", "{56CA0DA8-AD9A-4344-862B-265CA6F44C9B}"
EndProject
Project("{9A19103F-16F7-4668-BE54-9A1E7A4F7556}") = "Contract.Stocks", "Contract.Stocks\Contract.Stocks.csproj", "{737653AB-1ED8-488A-9443-AB8AFFA786F7}"
EndProject
Global
	GlobalSection(SolutionConfigurationPlatforms) = preSolution
		Debug|Any CPU = Debug|Any CPU
		Release|Any CPU = Release|Any CPU
	EndGlobalSection
	GlobalSection(ProjectConfigurationPlatforms) = postSolution
		{D7A2EEEF-04F9-4688-A306-4004C870BDA1}.Debug|Any CPU.ActiveCfg = Debug|Any CPU
		{D7A2EEEF-04F9-4688-A306-4004C870BDA1}.Debug|Any CPU.Build.0 = Debug|Any CPU
		{D7A2EEEF-04F9-4688-A306-4004C870BDA1}.Release|Any CPU.ActiveCfg = Release|Any CPU
		{D7A2EEEF-04F9-4688-A306-4004C870BDA1}.Release|Any CPU.Build.0 = Release|Any CPU
		{4432EDCD-67BF-4202-BA30-DA4E777F6033}.Debug|Any CPU.ActiveCfg = Debug|Any CPU
		{4432EDCD-67BF-4202-BA30-DA4E777F6033}.Debug|Any CPU.Build.0 = Debug|Any CPU
		{4432EDCD-67BF-4202-BA30-DA4E777F6033}.Release|Any CPU.ActiveCfg = Release|Any CPU
		{4432EDCD-67BF-4202-BA30-DA4E777F6033}.Release|Any CPU.Build.0 = Release|Any CPU
		{02CBAA39-CED1-4CA7-BCED-614DD9EB3FA3}.Debug|Any CPU.ActiveCfg = Debug|Any CPU
		{02CBAA39-CED1-4CA7-BCED-614DD9EB3FA3}.Debug|Any CPU.Build.0 = Debug|Any CPU
		{02CBAA39-CED1-4CA7-BCED-614DD9EB3FA3}.Release|Any CPU.ActiveCfg = Release|Any CPU
		{02CBAA39-CED1-4CA7-BCED-614DD9EB3FA3}.Release|Any CPU.Build.0 = Release|Any CPU
		{E1C86A88-334F-48C0-B94A-0CF3EDAA7A34}.Debug|Any CPU.ActiveCfg = Debug|Any CPU
		{E1C86A88-334F-48C0-B94A-0CF3EDAA7A34}.Debug|Any CPU.Build.0 = Debug|Any CPU
		{E1C86A88-334F-48C0-B94A-0CF3EDAA7A34}.Release|Any CPU.ActiveCfg = Release|Any CPU
		{E1C86A88-334F-48C0-B94A-0CF3EDAA7A34}.Release|Any CPU.Build.0 = Release|Any CPU
		{F065E344-8CCE-44F0-A546-F0E8A3E9997D}.Debug|Any CPU.ActiveCfg = Debug|Any CPU
		{F065E344-8CCE-44F0-A546-F0E8A3E9997D}.Debug|Any CPU.Build.0 = Debug|Any CPU
		{F065E344-8CCE-44F0-A546-F0E8A3E9997D}.Release|Any CPU.ActiveCfg = Release|Any CPU
		{F065E344-8CCE-44F0-A546-F0E8A3E9997D}.Release|Any CPU.Build.0 = Release|Any CPU
		{6B39DE3B-2A6A-459F-9984-4CE1AB01F0D4}.Debug|Any CPU.ActiveCfg = Debug|Any CPU
		{6B39DE3B-2A6A-459F-9984-4CE1AB01F0D4}.Debug|Any CPU.Build.0 = Debug|Any CPU
		{6B39DE3B-2A6A-459F-9984-4CE1AB01F0D4}.Release|Any CPU.ActiveCfg = Release|Any CPU
		{6B39DE3B-2A6A-459F-9984-4CE1AB01F0D4}.Release|Any CPU.Build.0 = Release|Any CPU
		{4D68D1B2-8A24-490D-BF5F-5A0D08AD3B8D}.Debug|Any CPU.ActiveCfg = Debug|Any CPU
		{4D68D1B2-8A24-490D-BF5F-5A0D08AD3B8D}.Debug|Any CPU.Build.0 = Debug|Any CPU
		{4D68D1B2-8A24-490D-BF5F-5A0D08AD3B8D}.Release|Any CPU.ActiveCfg = Release|Any CPU
		{4D68D1B2-8A24-490D-BF5F-5A0D08AD3B8D}.Release|Any CPU.Build.0 = Release|Any CPU
		{EA589C5F-8DF1-4E38-9773-48E524768729}.Debug|Any CPU.ActiveCfg = Debug|Any CPU
		{EA589C5F-8DF1-4E38-9773-48E524768729}.Debug|Any CPU.Build.0 = Debug|Any CPU
		{EA589C5F-8DF1-4E38-9773-48E524768729}.Release|Any CPU.ActiveCfg = Release|Any CPU
		{EA589C5F-8DF1-4E38-9773-48E524768729}.Release|Any CPU.Build.0 = Release|Any CPU
		{93F67B7D-37BD-408D-B44B-2826418BF3FC}.Debug|Any CPU.ActiveCfg = Debug|Any CPU
		{93F67B7D-37BD-408D-B44B-2826418BF3FC}.Debug|Any CPU.Build.0 = Debug|Any CPU
		{93F67B7D-37BD-408D-B44B-2826418BF3FC}.Release|Any CPU.ActiveCfg = Release|Any CPU
		{93F67B7D-37BD-408D-B44B-2826418BF3FC}.Release|Any CPU.Build.0 = Release|Any CPU
		{1B87142D-C597-4137-B7DF-20AC643F7418}.Debug|Any CPU.ActiveCfg = Debug|Any CPU
		{1B87142D-C597-4137-B7DF-20AC643F7418}.Debug|Any CPU.Build.0 = Debug|Any CPU
		{1B87142D-C597-4137-B7DF-20AC643F7418}.Release|Any CPU.ActiveCfg = Release|Any CPU
		{1B87142D-C597-4137-B7DF-20AC643F7418}.Release|Any CPU.Build.0 = Release|Any CPU
		{24FE4B9E-C212-4C63-B082-27E9A968EF90}.Debug|Any CPU.ActiveCfg = Debug|Any CPU
		{24FE4B9E-C212-4C63-B082-27E9A968EF90}.Debug|Any CPU.Build.0 = Debug|Any CPU
		{24FE4B9E-C212-4C63-B082-27E9A968EF90}.Release|Any CPU.ActiveCfg = Release|Any CPU
		{24FE4B9E-C212-4C63-B082-27E9A968EF90}.Release|Any CPU.Build.0 = Release|Any CPU
		{83CFE90E-6F82-4659-99E5-0646BBC78367}.Debug|Any CPU.ActiveCfg = Debug|Any CPU
		{83CFE90E-6F82-4659-99E5-0646BBC78367}.Debug|Any CPU.Build.0 = Debug|Any CPU
		{83CFE90E-6F82-4659-99E5-0646BBC78367}.Release|Any CPU.ActiveCfg = Release|Any CPU
		{83CFE90E-6F82-4659-99E5-0646BBC78367}.Release|Any CPU.Build.0 = Release|Any CPU
		{D9F4D3D1-08A8-4499-900E-E5052073EC3A}.Debug|Any CPU.ActiveCfg = Debug|Any CPU
		{D9F4D3D1-08A8-4499-900E-E5052073EC3A}.Debug|Any CPU.Build.0 = Debug|Any CPU
		{D9F4D3D1-08A8-4499-900E-E5052073EC3A}.Release|Any CPU.ActiveCfg = Release|Any CPU
		{D9F4D3D1-08A8-4499-900E-E5052073EC3A}.Release|Any CPU.Build.0 = Release|Any CPU
		{56CA0DA8-AD9A-4344-862B-265CA6F44C9B}.Debug|Any CPU.ActiveCfg = Debug|Any CPU
		{56CA0DA8-AD9A-4344-862B-265CA6F44C9B}.Debug|Any CPU.Build.0 = Debug|Any CPU
		{56CA0DA8-AD9A-4344-862B-265CA6F44C9B}.Release|Any CPU.ActiveCfg = Release|Any CPU
		{56CA0DA8-AD9A-4344-862B-265CA6F44C9B}.Release|Any CPU.Build.0 = Release|Any CPU
		{737653AB-1ED8-488A-9443-AB8AFFA786F7}.Debug|Any CPU.ActiveCfg = Debug|Any CPU
		{737653AB-1ED8-488A-9443-AB8AFFA786F7}.Debug|Any CPU.Build.0 = Debug|Any CPU
		{737653AB-1ED8-488A-9443-AB8AFFA786F7}.Release|Any CPU.ActiveCfg = Release|Any CPU
		{737653AB-1ED8-488A-9443-AB8AFFA786F7}.Release|Any CPU.Build.0 = Release|Any CPU
	EndGlobalSection
	GlobalSection(SolutionProperties) = preSolution
		HideSolutionNode = FALSE
	EndGlobalSection
	GlobalSection(NestedProjects) = preSolution
		{4432EDCD-67BF-4202-BA30-DA4E777F6033} = {118735A8-9DD1-4B82-BE4F-6C7FDF5091A9}
		{02CBAA39-CED1-4CA7-BCED-614DD9EB3FA3} = {A6DAC094-1446-4A32-BBD4-0BBCDDB7DCEB}
		{E1C86A88-334F-48C0-B94A-0CF3EDAA7A34} = {A6DAC094-1446-4A32-BBD4-0BBCDDB7DCEB}
		{F065E344-8CCE-44F0-A546-F0E8A3E9997D} = {A6DAC094-1446-4A32-BBD4-0BBCDDB7DCEB}
		{6B39DE3B-2A6A-459F-9984-4CE1AB01F0D4} = {A6DAC094-1446-4A32-BBD4-0BBCDDB7DCEB}
		{4D68D1B2-8A24-490D-BF5F-5A0D08AD3B8D} = {8DD4E169-278A-49E0-BFA9-7E4E4A4AD9F7}
		{EA589C5F-8DF1-4E38-9773-48E524768729} = {B12246CF-2F6A-445B-A68A-CC0B70616A25}
		{93F67B7D-37BD-408D-B44B-2826418BF3FC} = {B12246CF-2F6A-445B-A68A-CC0B70616A25}
		{1B87142D-C597-4137-B7DF-20AC643F7418} = {B12246CF-2F6A-445B-A68A-CC0B70616A25}
		{24FE4B9E-C212-4C63-B082-27E9A968EF90} = {B12246CF-2F6A-445B-A68A-CC0B70616A25}
		{83CFE90E-6F82-4659-99E5-0646BBC78367} = {0EB30259-8B4B-4606-988C-9F2FFC0F29AF}
		{D9F4D3D1-08A8-4499-900E-E5052073EC3A} = {0EB30259-8B4B-4606-988C-9F2FFC0F29AF}
		{56CA0DA8-AD9A-4344-862B-265CA6F44C9B} = {0EB30259-8B4B-4606-988C-9F2FFC0F29AF}
		{737653AB-1ED8-488A-9443-AB8AFFA786F7} = {0EB30259-8B4B-4606-988C-9F2FFC0F29AF}
	EndGlobalSection
	GlobalSection(ExtensibilityGlobals) = postSolution
		SolutionGuid = {4521413A-5D98-4274-AC8E-82522615CDDE}
	EndGlobalSection
EndGlobal
